
Microsoft Visual Studio Solution File, Format Version 12.00
# Visual Studio Version 17
VisualStudioVersion = 17.14.36015.10
MinimumVisualStudioVersion = 10.0.40219.1
Project("{FAE04EC0-301F-11D3-BF4B-00C04F79EFBC}") = "MiBandApp", "MiBandApp\MiBandApp.csproj", "{47A9BD3E-F83A-423D-A482-BE2A0DC2532D}"
EndProject
Project("{FAE04EC0-301F-11D3-BF4B-00C04F79EFBC}") = "MiCore", "MiCore\MiCore.csproj", "{886A393F-71CD-4397-BA6A-3F94539DCC15}"
EndProject
Project("{FAE04EC0-301F-11D3-BF4B-00C04F79EFBC}") = "MiNotificationWatcher", "MiNotificationWatcher\MiNotificationWatcher.csproj", "{EF6E399F-CFBD-4147-A46A-61D5470F20CC}"
EndProject
Project("{FAE04EC0-301F-11D3-BF4B-00C04F79EFBC}") = "MetroLog", "MetroLog\MetroLog.csproj", "{56161579-AD02-45F7-9E41-78B2CF115015}"
EndProject
Project("{FAE04EC0-301F-11D3-BF4B-00C04F79EFBC}") = "UniversalWrapPanel", "UniversalWrapPanel\UniversalWrapPanel.csproj", "{D36F9761-C838-46CA-9284-3B97674A780D}"
EndProject
Project("{FAE04EC0-301F-11D3-BF4B-00C04F79EFBC}") = "MiBandApp.Storage", "MiBandApp.Storage\MiBandApp.Storage.csproj", "{B852B855-7E74-4C36-B3E2-A1C639A8A3E9}"
EndProject
Project("{FAE04EC0-301F-11D3-BF4B-00C04F79EFBC}") = "Microsoft.Live", "Microsoft.Live\Microsoft.Live.csproj", "{9272DC23-215E-4411-B13B-EBE9ADA22B3D}"
EndProject
Project("{FAE04EC0-301F-11D3-BF4B-00C04F79EFBC}") = "MiBandApp.Data", "MiBandApp.Data\MiBandApp.Data.csproj", "{AE3D1A9D-0072-40CB-BA9B-FCF729D911BF}"
EndProject
Project("{FAE04EC0-301F-11D3-BF4B-00C04F79EFBC}") = "MiBand.SDK.PCL", "MiBand.SDK.PCL\MiBand.SDK.PCL.csproj", "{CDCABF51-A640-497A-83FD-9C6D0860F499}"
EndProject
Project("{FAE04EC0-301F-11D3-BF4B-00C04F79EFBC}") = "Ian.Controls", "Ian.Controls\Ian.Controls.csproj", "{A47DE50A-546B-4384-8739-5CDB558D7641}"
EndProject
Project("{FAE04EC0-301F-11D3-BF4B-00C04F79EFBC}") = "MiBand.SDK", "MiBand.SDK\MiBand.SDK.csproj", "{3D967F35-F451-4443-9B02-F78E839CA67E}"
EndProject
Global
	GlobalSection(SolutionConfigurationPlatforms) = preSolution
		Debug|Any CPU = Debug|Any CPU
		Debug|ARM = Debug|ARM
		Debug|ARM64 = Debug|ARM64
		Debug|x64 = Debug|x64
		Debug|x86 = Debug|x86
		Release|Any CPU = Release|Any CPU
		Release|ARM = Release|ARM
		Release|ARM64 = Release|ARM64
		Release|x64 = Release|x64
		Release|x86 = Release|x86
	EndGlobalSection
	GlobalSection(ProjectConfigurationPlatforms) = postSolution
		{47A9BD3E-F83A-423D-A482-BE2A0DC2532D}.Debug|Any CPU.ActiveCfg = Debug|x64
		{47A9BD3E-F83A-423D-A482-BE2A0DC2532D}.Debug|Any CPU.Build.0 = Debug|x64
		{47A9BD3E-F83A-423D-A482-BE2A0DC2532D}.Debug|Any CPU.Deploy.0 = Debug|x64
		{47A9BD3E-F83A-423D-A482-BE2A0DC2532D}.Debug|ARM.ActiveCfg = Debug|ARM
		{47A9BD3E-F83A-423D-A482-BE2A0DC2532D}.Debug|ARM.Build.0 = Debug|ARM
		{47A9BD3E-F83A-423D-A482-BE2A0DC2532D}.Debug|ARM.Deploy.0 = Debug|ARM
		{47A9BD3E-F83A-423D-A482-BE2A0DC2532D}.Debug|ARM64.ActiveCfg = Debug|ARM64
		{47A9BD3E-F83A-423D-A482-BE2A0DC2532D}.Debug|ARM64.Build.0 = Debug|ARM64
		{47A9BD3E-F83A-423D-A482-BE2A0DC2532D}.Debug|ARM64.Deploy.0 = Debug|ARM64
		{47A9BD3E-F83A-423D-A482-BE2A0DC2532D}.Debug|x64.ActiveCfg = Debug|x64
		{47A9BD3E-F83A-423D-A482-BE2A0DC2532D}.Debug|x64.Build.0 = Debug|x64
		{47A9BD3E-F83A-423D-A482-BE2A0DC2532D}.Debug|x64.Deploy.0 = Debug|x64
		{47A9BD3E-F83A-423D-A482-BE2A0DC2532D}.Debug|x86.ActiveCfg = Debug|x86
		{47A9BD3E-F83A-423D-A482-BE2A0DC2532D}.Debug|x86.Build.0 = Debug|x86
		{47A9BD3E-F83A-423D-A482-BE2A0DC2532D}.Debug|x86.Deploy.0 = Debug|x86
		{47A9BD3E-F83A-423D-A482-BE2A0DC2532D}.Release|Any CPU.ActiveCfg = Release|x64
		{47A9BD3E-F83A-423D-A482-BE2A0DC2532D}.Release|Any CPU.Build.0 = Release|x64
		{47A9BD3E-F83A-423D-A482-BE2A0DC2532D}.Release|Any CPU.Deploy.0 = Release|x64
		{47A9BD3E-F83A-423D-A482-BE2A0DC2532D}.Release|ARM.ActiveCfg = Release|ARM
		{47A9BD3E-F83A-423D-A482-BE2A0DC2532D}.Release|ARM.Build.0 = Release|ARM
		{47A9BD3E-F83A-423D-A482-BE2A0DC2532D}.Release|ARM.Deploy.0 = Release|ARM
		{47A9BD3E-F83A-423D-A482-BE2A0DC2532D}.Release|ARM64.ActiveCfg = Release|ARM64
		{47A9BD3E-F83A-423D-A482-BE2A0DC2532D}.Release|ARM64.Build.0 = Release|ARM64
		{47A9BD3E-F83A-423D-A482-BE2A0DC2532D}.Release|ARM64.Deploy.0 = Release|ARM64
		{47A9BD3E-F83A-423D-A482-BE2A0DC2532D}.Release|x64.ActiveCfg = Release|x64
		{47A9BD3E-F83A-423D-A482-BE2A0DC2532D}.Release|x64.Build.0 = Release|x64
		{47A9BD3E-F83A-423D-A482-BE2A0DC2532D}.Release|x64.Deploy.0 = Release|x64
		{47A9BD3E-F83A-423D-A482-BE2A0DC2532D}.Release|x86.ActiveCfg = Release|x86
		{47A9BD3E-F83A-423D-A482-BE2A0DC2532D}.Release|x86.Build.0 = Release|x86
		{47A9BD3E-F83A-423D-A482-BE2A0DC2532D}.Release|x86.Deploy.0 = Release|x86
		{886A393F-71CD-4397-BA6A-3F94539DCC15}.Debug|Any CPU.ActiveCfg = Debug|Any CPU
		{886A393F-71CD-4397-BA6A-3F94539DCC15}.Debug|Any CPU.Build.0 = Debug|Any CPU
		{886A393F-71CD-4397-BA6A-3F94539DCC15}.Debug|ARM.ActiveCfg = Debug|ARM
		{886A393F-71CD-4397-BA6A-3F94539DCC15}.Debug|ARM.Build.0 = Debug|ARM
		{886A393F-71CD-4397-BA6A-3F94539DCC15}.Debug|ARM64.ActiveCfg = Debug|Any CPU
		{886A393F-71CD-4397-BA6A-3F94539DCC15}.Debug|ARM64.Build.0 = Debug|Any CPU
		{886A393F-71CD-4397-BA6A-3F94539DCC15}.Debug|x64.ActiveCfg = Debug|x64
		{886A393F-71CD-4397-BA6A-3F94539DCC15}.Debug|x64.Build.0 = Debug|x64
		{886A393F-71CD-4397-BA6A-3F94539DCC15}.Debug|x86.ActiveCfg = Debug|x86
		{886A393F-71CD-4397-BA6A-3F94539DCC15}.Debug|x86.Build.0 = Debug|x86
		{886A393F-71CD-4397-BA6A-3F94539DCC15}.Release|Any CPU.ActiveCfg = Release|Any CPU
		{886A393F-71CD-4397-BA6A-3F94539DCC15}.Release|Any CPU.Build.0 = Release|Any CPU
		{886A393F-71CD-4397-BA6A-3F94539DCC15}.Release|ARM.ActiveCfg = Release|ARM
		{886A393F-71CD-4397-BA6A-3F94539DCC15}.Release|ARM.Build.0 = Release|ARM
		{886A393F-71CD-4397-BA6A-3F94539DCC15}.Release|ARM64.ActiveCfg = Release|Any CPU
		{886A393F-71CD-4397-BA6A-3F94539DCC15}.Release|ARM64.Build.0 = Release|Any CPU
		{886A393F-71CD-4397-BA6A-3F94539DCC15}.Release|x64.ActiveCfg = Release|x64
		{886A393F-71CD-4397-BA6A-3F94539DCC15}.Release|x64.Build.0 = Release|x64
		{886A393F-71CD-4397-BA6A-3F94539DCC15}.Release|x86.ActiveCfg = Release|x86
		{886A393F-71CD-4397-BA6A-3F94539DCC15}.Release|x86.Build.0 = Release|x86
		{EF6E399F-CFBD-4147-A46A-61D5470F20CC}.Debug|Any CPU.ActiveCfg = Debug|Any CPU
		{EF6E399F-CFBD-4147-A46A-61D5470F20CC}.Debug|Any CPU.Build.0 = Debug|Any CPU
		{EF6E399F-CFBD-4147-A46A-61D5470F20CC}.Debug|ARM.ActiveCfg = Debug|ARM
		{EF6E399F-CFBD-4147-A46A-61D5470F20CC}.Debug|ARM.Build.0 = Debug|ARM
		{EF6E399F-CFBD-4147-A46A-61D5470F20CC}.Debug|ARM64.ActiveCfg = Debug|Any CPU
		{EF6E399F-CFBD-4147-A46A-61D5470F20CC}.Debug|ARM64.Build.0 = Debug|Any CPU
		{EF6E399F-CFBD-4147-A46A-61D5470F20CC}.Debug|x64.ActiveCfg = Debug|x64
		{EF6E399F-CFBD-4147-A46A-61D5470F20CC}.Debug|x64.Build.0 = Debug|x64
		{EF6E399F-CFBD-4147-A46A-61D5470F20CC}.Debug|x86.ActiveCfg = Debug|x86
		{EF6E399F-CFBD-4147-A46A-61D5470F20CC}.Debug|x86.Build.0 = Debug|x86
		{EF6E399F-CFBD-4147-A46A-61D5470F20CC}.Release|Any CPU.ActiveCfg = Release|Any CPU
		{EF6E399F-CFBD-4147-A46A-61D5470F20CC}.Release|Any CPU.Build.0 = Release|Any CPU
		{EF6E399F-CFBD-4147-A46A-61D5470F20CC}.Release|ARM.ActiveCfg = Release|ARM
		{EF6E399F-CFBD-4147-A46A-61D5470F20CC}.Release|ARM.Build.0 = Release|ARM
		{EF6E399F-CFBD-4147-A46A-61D5470F20CC}.Release|ARM64.ActiveCfg = Release|Any CPU
		{EF6E399F-CFBD-4147-A46A-61D5470F20CC}.Release|ARM64.Build.0 = Release|Any CPU
		{EF6E399F-CFBD-4147-A46A-61D5470F20CC}.Release|x64.ActiveCfg = Release|x64
		{EF6E399F-CFBD-4147-A46A-61D5470F20CC}.Release|x64.Build.0 = Release|x64
		{EF6E399F-CFBD-4147-A46A-61D5470F20CC}.Release|x86.ActiveCfg = Release|x86
		{EF6E399F-CFBD-4147-A46A-61D5470F20CC}.Release|x86.Build.0 = Release|x86
		{56161579-AD02-45F7-9E41-78B2CF115015}.Debug|Any CPU.ActiveCfg = Debug|Any CPU
		{56161579-AD02-45F7-9E41-78B2CF115015}.Debug|Any CPU.Build.0 = Debug|Any CPU
		{56161579-AD02-45F7-9E41-78B2CF115015}.Debug|ARM.ActiveCfg = Debug|ARM
		{56161579-AD02-45F7-9E41-78B2CF115015}.Debug|ARM.Build.0 = Debug|ARM
		{56161579-AD02-45F7-9E41-78B2CF115015}.Debug|ARM64.ActiveCfg = Debug|ARM64
		{56161579-AD02-45F7-9E41-78B2CF115015}.Debug|ARM64.Build.0 = Debug|ARM64
		{56161579-AD02-45F7-9E41-78B2CF115015}.Debug|x64.ActiveCfg = Debug|x64
		{56161579-AD02-45F7-9E41-78B2CF115015}.Debug|x64.Build.0 = Debug|x64
		{56161579-AD02-45F7-9E41-78B2CF115015}.Debug|x86.ActiveCfg = Debug|x86
		{56161579-AD02-45F7-9E41-78B2CF115015}.Debug|x86.Build.0 = Debug|x86
		{56161579-AD02-45F7-9E41-78B2CF115015}.Release|Any CPU.ActiveCfg = Release|Any CPU
		{56161579-AD02-45F7-9E41-78B2CF115015}.Release|Any CPU.Build.0 = Release|Any CPU
		{56161579-AD02-45F7-9E41-78B2CF115015}.Release|ARM.ActiveCfg = Release|ARM
		{56161579-AD02-45F7-9E41-78B2CF115015}.Release|ARM.Build.0 = Release|ARM
		{56161579-AD02-45F7-9E41-78B2CF115015}.Release|ARM64.ActiveCfg = Release|ARM64
		{56161579-AD02-45F7-9E41-78B2CF115015}.Release|ARM64.Build.0 = Release|ARM64
		{56161579-AD02-45F7-9E41-78B2CF115015}.Release|x64.ActiveCfg = Release|x64
		{56161579-AD02-45F7-9E41-78B2CF115015}.Release|x64.Build.0 = Release|x64
		{56161579-AD02-45F7-9E41-78B2CF115015}.Release|x86.ActiveCfg = Release|x86
		{56161579-AD02-45F7-9E41-78B2CF115015}.Release|x86.Build.0 = Release|x86
		{D36F9761-C838-46CA-9284-3B97674A780D}.Debug|Any CPU.ActiveCfg = Debug|Any CPU
		{D36F9761-C838-46CA-9284-3B97674A780D}.Debug|Any CPU.Build.0 = Debug|Any CPU
		{D36F9761-C838-46CA-9284-3B97674A780D}.Debug|ARM.ActiveCfg = Debug|ARM
		{D36F9761-C838-46CA-9284-3B97674A780D}.Debug|ARM.Build.0 = Debug|ARM
		{D36F9761-C838-46CA-9284-3B97674A780D}.Debug|ARM64.ActiveCfg = Debug|ARM64
		{D36F9761-C838-46CA-9284-3B97674A780D}.Debug|ARM64.Build.0 = Debug|ARM64
		{D36F9761-C838-46CA-9284-3B97674A780D}.Debug|x64.ActiveCfg = Debug|x64
		{D36F9761-C838-46CA-9284-3B97674A780D}.Debug|x64.Build.0 = Debug|x64
		{D36F9761-C838-46CA-9284-3B97674A780D}.Debug|x86.ActiveCfg = Debug|x86
		{D36F9761-C838-46CA-9284-3B97674A780D}.Debug|x86.Build.0 = Debug|x86
		{D36F9761-C838-46CA-9284-3B97674A780D}.Release|Any CPU.ActiveCfg = Release|Any CPU
		{D36F9761-C838-46CA-9284-3B97674A780D}.Release|Any CPU.Build.0 = Release|Any CPU
		{D36F9761-C838-46CA-9284-3B97674A780D}.Release|ARM.ActiveCfg = Release|ARM
		{D36F9761-C838-46CA-9284-3B97674A780D}.Release|ARM.Build.0 = Release|ARM
		{D36F9761-C838-46CA-9284-3B97674A780D}.Release|ARM64.ActiveCfg = Release|ARM64
		{D36F9761-C838-46CA-9284-3B97674A780D}.Release|ARM64.Build.0 = Release|ARM64
		{D36F9761-C838-46CA-9284-3B97674A780D}.Release|x64.ActiveCfg = Release|x64
		{D36F9761-C838-46CA-9284-3B97674A780D}.Release|x64.Build.0 = Release|x64
		{D36F9761-C838-46CA-9284-3B97674A780D}.Release|x86.ActiveCfg = Release|x86
		{D36F9761-C838-46CA-9284-3B97674A780D}.Release|x86.Build.0 = Release|x86
		{B852B855-7E74-4C36-B3E2-A1C639A8A3E9}.Debug|Any CPU.ActiveCfg = Debug|Any CPU
		{B852B855-7E74-4C36-B3E2-A1C639A8A3E9}.Debug|Any CPU.Build.0 = Debug|Any CPU
		{B852B855-7E74-4C36-B3E2-A1C639A8A3E9}.Debug|ARM.ActiveCfg = Debug|ARM
		{B852B855-7E74-4C36-B3E2-A1C639A8A3E9}.Debug|ARM.Build.0 = Debug|ARM
		{B852B855-7E74-4C36-B3E2-A1C639A8A3E9}.Debug|ARM64.ActiveCfg = Debug|ARM64
		{B852B855-7E74-4C36-B3E2-A1C639A8A3E9}.Debug|ARM64.Build.0 = Debug|ARM64
		{B852B855-7E74-4C36-B3E2-A1C639A8A3E9}.Debug|x64.ActiveCfg = Debug|x64
		{B852B855-7E74-4C36-B3E2-A1C639A8A3E9}.Debug|x64.Build.0 = Debug|x64
		{B852B855-7E74-4C36-B3E2-A1C639A8A3E9}.Debug|x86.ActiveCfg = Debug|x86
		{B852B855-7E74-4C36-B3E2-A1C639A8A3E9}.Debug|x86.Build.0 = Debug|x86
		{B852B855-7E74-4C36-B3E2-A1C639A8A3E9}.Release|Any CPU.ActiveCfg = Release|Any CPU
		{B852B855-7E74-4C36-B3E2-A1C639A8A3E9}.Release|Any CPU.Build.0 = Release|Any CPU
		{B852B855-7E74-4C36-B3E2-A1C639A8A3E9}.Release|ARM.ActiveCfg = Release|ARM
		{B852B855-7E74-4C36-B3E2-A1C639A8A3E9}.Release|ARM.Build.0 = Release|ARM
		{B852B855-7E74-4C36-B3E2-A1C639A8A3E9}.Release|ARM64.ActiveCfg = Release|ARM64
		{B852B855-7E74-4C36-B3E2-A1C639A8A3E9}.Release|ARM64.Build.0 = Release|ARM64
		{B852B855-7E74-4C36-B3E2-A1C639A8A3E9}.Release|x64.ActiveCfg = Release|x64
		{B852B855-7E74-4C36-B3E2-A1C639A8A3E9}.Release|x64.Build.0 = Release|x64
		{B852B855-7E74-4C36-B3E2-A1C639A8A3E9}.Release|x86.ActiveCfg = Release|x86
		{B852B855-7E74-4C36-B3E2-A1C639A8A3E9}.Release|x86.Build.0 = Release|x86
		{9272DC23-215E-4411-B13B-EBE9ADA22B3D}.Debug|Any CPU.ActiveCfg = Debug|Any CPU
		{9272DC23-215E-4411-B13B-EBE9ADA22B3D}.Debug|Any CPU.Build.0 = Debug|Any CPU
		{9272DC23-215E-4411-B13B-EBE9ADA22B3D}.Debug|ARM.ActiveCfg = Debug|ARM
		{9272DC23-215E-4411-B13B-EBE9ADA22B3D}.Debug|ARM.Build.0 = Debug|ARM
		{9272DC23-215E-4411-B13B-EBE9ADA22B3D}.Debug|ARM64.ActiveCfg = Debug|ARM64
		{9272DC23-215E-4411-B13B-EBE9ADA22B3D}.Debug|ARM64.Build.0 = Debug|ARM64
		{9272DC23-215E-4411-B13B-EBE9ADA22B3D}.Debug|x64.ActiveCfg = Debug|x64
		{9272DC23-215E-4411-B13B-EBE9ADA22B3D}.Debug|x64.Build.0 = Debug|x64
		{9272DC23-215E-4411-B13B-EBE9ADA22B3D}.Debug|x86.ActiveCfg = Debug|x86
		{9272DC23-215E-4411-B13B-EBE9ADA22B3D}.Debug|x86.Build.0 = Debug|x86
		{9272DC23-215E-4411-B13B-EBE9ADA22B3D}.Release|Any CPU.ActiveCfg = Release|Any CPU
		{9272DC23-215E-4411-B13B-EBE9ADA22B3D}.Release|Any CPU.Build.0 = Release|Any CPU
		{9272DC23-215E-4411-B13B-EBE9ADA22B3D}.Release|ARM.ActiveCfg = Release|ARM
		{9272DC23-215E-4411-B13B-EBE9ADA22B3D}.Release|ARM.Build.0 = Release|ARM
		{9272DC23-215E-4411-B13B-EBE9ADA22B3D}.Release|ARM64.ActiveCfg = Release|ARM64
		{9272DC23-215E-4411-B13B-EBE9ADA22B3D}.Release|ARM64.Build.0 = Release|ARM64
		{9272DC23-215E-4411-B13B-EBE9ADA22B3D}.Release|x64.ActiveCfg = Release|x64
		{9272DC23-215E-4411-B13B-EBE9ADA22B3D}.Release|x64.Build.0 = Release|x64
		{9272DC23-215E-4411-B13B-EBE9ADA22B3D}.Release|x86.ActiveCfg = Release|x86
		{9272DC23-215E-4411-B13B-EBE9ADA22B3D}.Release|x86.Build.0 = Release|x86
		{AE3D1A9D-0072-40CB-BA9B-FCF729D911BF}.Debug|Any CPU.ActiveCfg = Debug|Any CPU
		{AE3D1A9D-0072-40CB-BA9B-FCF729D911BF}.Debug|Any CPU.Build.0 = Debug|Any CPU
		{AE3D1A9D-0072-40CB-BA9B-FCF729D911BF}.Debug|ARM.ActiveCfg = Debug|ARM
		{AE3D1A9D-0072-40CB-BA9B-FCF729D911BF}.Debug|ARM.Build.0 = Debug|ARM
		{AE3D1A9D-0072-40CB-BA9B-FCF729D911BF}.Debug|ARM64.ActiveCfg = Debug|ARM64
		{AE3D1A9D-0072-40CB-BA9B-FCF729D911BF}.Debug|ARM64.Build.0 = Debug|ARM64
		{AE3D1A9D-0072-40CB-BA9B-FCF729D911BF}.Debug|x64.ActiveCfg = Debug|x64
		{AE3D1A9D-0072-40CB-BA9B-FCF729D911BF}.Debug|x64.Build.0 = Debug|x64
		{AE3D1A9D-0072-40CB-BA9B-FCF729D911BF}.Debug|x86.ActiveCfg = Debug|x86
		{AE3D1A9D-0072-40CB-BA9B-FCF729D911BF}.Debug|x86.Build.0 = Debug|x86
		{AE3D1A9D-0072-40CB-BA9B-FCF729D911BF}.Release|Any CPU.ActiveCfg = Release|Any CPU
		{AE3D1A9D-0072-40CB-BA9B-FCF729D911BF}.Release|Any CPU.Build.0 = Release|Any CPU
		{AE3D1A9D-0072-40CB-BA9B-FCF729D911BF}.Release|ARM.ActiveCfg = Release|ARM
		{AE3D1A9D-0072-40CB-BA9B-FCF729D911BF}.Release|ARM.Build.0 = Release|ARM
		{AE3D1A9D-0072-40CB-BA9B-FCF729D911BF}.Release|ARM64.ActiveCfg = Release|ARM64
		{AE3D1A9D-0072-40CB-BA9B-FCF729D911BF}.Release|ARM64.Build.0 = Release|ARM64
		{AE3D1A9D-0072-40CB-BA9B-FCF729D911BF}.Release|x64.ActiveCfg = Release|x64
		{AE3D1A9D-0072-40CB-BA9B-FCF729D911BF}.Release|x64.Build.0 = Release|x64
		{AE3D1A9D-0072-40CB-BA9B-FCF729D911BF}.Release|x86.ActiveCfg = Release|x86
		{AE3D1A9D-0072-40CB-BA9B-FCF729D911BF}.Release|x86.Build.0 = Release|x86
		{CDCABF51-A640-497A-83FD-9C6D0860F499}.Debug|Any CPU.ActiveCfg = Debug|Any CPU
		{CDCABF51-A640-497A-83FD-9C6D0860F499}.Debug|Any CPU.Build.0 = Debug|Any CPU
		{CDCABF51-A640-497A-83FD-9C6D0860F499}.Debug|ARM.ActiveCfg = Debug|ARM
		{CDCABF51-A640-497A-83FD-9C6D0860F499}.Debug|ARM.Build.0 = Debug|ARM
		{CDCABF51-A640-497A-83FD-9C6D0860F499}.Debug|ARM64.ActiveCfg = Debug|ARM64
		{CDCABF51-A640-497A-83FD-9C6D0860F499}.Debug|ARM64.Build.0 = Debug|ARM64
		{CDCABF51-A640-497A-83FD-9C6D0860F499}.Debug|x64.ActiveCfg = Debug|x64
		{CDCABF51-A640-497A-83FD-9C6D0860F499}.Debug|x64.Build.0 = Debug|x64
		{CDCABF51-A640-497A-83FD-9C6D0860F499}.Debug|x86.ActiveCfg = Debug|x86
		{CDCABF51-A640-497A-83FD-9C6D0860F499}.Debug|x86.Build.0 = Debug|x86
		{CDCABF51-A640-497A-83FD-9C6D0860F499}.Release|Any CPU.ActiveCfg = Release|Any CPU
		{CDCABF51-A640-497A-83FD-9C6D0860F499}.Release|Any CPU.Build.0 = Release|Any CPU
		{CDCABF51-A640-497A-83FD-9C6D0860F499}.Release|ARM.ActiveCfg = Release|ARM
		{CDCABF51-A640-497A-83FD-9C6D0860F499}.Release|ARM.Build.0 = Release|ARM
		{CDCABF51-A640-497A-83FD-9C6D0860F499}.Release|ARM64.ActiveCfg = Release|ARM64
		{CDCABF51-A640-497A-83FD-9C6D0860F499}.Release|ARM64.Build.0 = Release|ARM64
		{CDCABF51-A640-497A-83FD-9C6D0860F499}.Release|x64.ActiveCfg = Release|x64
		{CDCABF51-A640-497A-83FD-9C6D0860F499}.Release|x64.Build.0 = Release|x64
		{CDCABF51-A640-497A-83FD-9C6D0860F499}.Release|x86.ActiveCfg = Release|x86
		{CDCABF51-A640-497A-83FD-9C6D0860F499}.Release|x86.Build.0 = Release|x86
		{A47DE50A-546B-4384-8739-5CDB558D7641}.Debug|Any CPU.ActiveCfg = Debug|Any CPU
		{A47DE50A-546B-4384-8739-5CDB558D7641}.Debug|Any CPU.Build.0 = Debug|Any CPU
		{A47DE50A-546B-4384-8739-5CDB558D7641}.Debug|ARM.ActiveCfg = Debug|ARM
		{A47DE50A-546B-4384-8739-5CDB558D7641}.Debug|ARM.Build.0 = Debug|ARM
		{A47DE50A-546B-4384-8739-5CDB558D7641}.Debug|ARM64.ActiveCfg = Debug|ARM64
		{A47DE50A-546B-4384-8739-5CDB558D7641}.Debug|ARM64.Build.0 = Debug|ARM64
		{A47DE50A-546B-4384-8739-5CDB558D7641}.Debug|x64.ActiveCfg = Debug|x64
		{A47DE50A-546B-4384-8739-5CDB558D7641}.Debug|x64.Build.0 = Debug|x64
		{A47DE50A-546B-4384-8739-5CDB558D7641}.Debug|x86.ActiveCfg = Debug|x86
		{A47DE50A-546B-4384-8739-5CDB558D7641}.Debug|x86.Build.0 = Debug|x86
		{A47DE50A-546B-4384-8739-5CDB558D7641}.Release|Any CPU.ActiveCfg = Release|Any CPU
		{A47DE50A-546B-4384-8739-5CDB558D7641}.Release|Any CPU.Build.0 = Release|Any CPU
		{A47DE50A-546B-4384-8739-5CDB558D7641}.Release|ARM.ActiveCfg = Release|ARM
		{A47DE50A-546B-4384-8739-5CDB558D7641}.Release|ARM.Build.0 = Release|ARM
		{A47DE50A-546B-4384-8739-5CDB558D7641}.Release|ARM64.ActiveCfg = Release|ARM64
		{A47DE50A-546B-4384-8739-5CDB558D7641}.Release|ARM64.Build.0 = Release|ARM64
		{A47DE50A-546B-4384-8739-5CDB558D7641}.Release|x64.ActiveCfg = Release|x64
		{A47DE50A-546B-4384-8739-5CDB558D7641}.Release|x64.Build.0 = Release|x64
		{A47DE50A-546B-4384-8739-5CDB558D7641}.Release|x86.ActiveCfg = Release|x86
		{A47DE50A-546B-4384-8739-5CDB558D7641}.Release|x86.Build.0 = Release|x86
		{3D967F35-F451-4443-9B02-F78E839CA67E}.Debug|Any CPU.ActiveCfg = Debug|Any CPU
		{3D967F35-F451-4443-9B02-F78E839CA67E}.Debug|Any CPU.Build.0 = Debug|Any CPU
		{3D967F35-F451-4443-9B02-F78E839CA67E}.Debug|ARM.ActiveCfg = Debug|ARM
		{3D967F35-F451-4443-9B02-F78E839CA67E}.Debug|ARM.Build.0 = Debug|ARM
		{3D967F35-F451-4443-9B02-F78E839CA67E}.Debug|ARM64.ActiveCfg = Debug|ARM64
		{3D967F35-F451-4443-9B02-F78E839CA67E}.Debug|ARM64.Build.0 = Debug|ARM64
		{3D967F35-F451-4443-9B02-F78E839CA67E}.Debug|x64.ActiveCfg = Debug|x64
		{3D967F35-F451-4443-9B02-F78E839CA67E}.Debug|x64.Build.0 = Debug|x64
		{3D967F35-F451-4443-9B02-F78E839CA67E}.Debug|x86.ActiveCfg = Debug|x86
		{3D967F35-F451-4443-9B02-F78E839CA67E}.Debug|x86.Build.0 = Debug|x86
		{3D967F35-F451-4443-9B02-F78E839CA67E}.Release|Any CPU.ActiveCfg = Release|Any CPU
		{3D967F35-F451-4443-9B02-F78E839CA67E}.Release|Any CPU.Build.0 = Release|Any CPU
		{3D967F35-F451-4443-9B02-F78E839CA67E}.Release|ARM.ActiveCfg = Release|ARM
		{3D967F35-F451-4443-9B02-F78E839CA67E}.Release|ARM.Build.0 = Release|ARM
		{3D967F35-F451-4443-9B02-F78E839CA67E}.Release|ARM64.ActiveCfg = Release|ARM64
		{3D967F35-F451-4443-9B02-F78E839CA67E}.Release|ARM64.Build.0 = Release|ARM64
		{3D967F35-F451-4443-9B02-F78E839CA67E}.Release|x64.ActiveCfg = Release|x64
		{3D967F35-F451-4443-9B02-F78E839CA67E}.Release|x64.Build.0 = Release|x64
		{3D967F35-F451-4443-9B02-F78E839CA67E}.Release|x86.ActiveCfg = Release|x86
		{3D967F35-F451-4443-9B02-F78E839CA67E}.Release|x86.Build.0 = Release|x86
	EndGlobalSection
	GlobalSection(SolutionProperties) = preSolution
		HideSolutionNode = FALSE
	EndGlobalSection
	GlobalSection(ExtensibilityGlobals) = postSolution
		SolutionGuid = {69E1488F-FAD3-47FA-B32E-AB32BAF30E30}
	EndGlobalSection
EndGlobal
